
Microsoft Visual Studio Solution File, Format Version 12.00
# Visual Studio Version 17
VisualStudioVersion = 17.13.35806.99
MinimumVisualStudioVersion = 10.0.40219.1
Project("{FAE04EC0-301F-11D3-BF4B-00C04F79EFBC}") = "csharp2", "csharp2\csharp2.csproj", "{63D6ED32-10DB-44EE-BA23-D3FC6145C85B}"
EndProject
Project("{2150E333-8FDC-42A3-9474-1A3956D46DE8}") = "DbScripts", "DbScripts", "{02EA681E-C7D8-13C7-8484-4AC65E1B71E8}"
	ProjectSection(SolutionItems) = preProject
		CursoRenatoGava.sql = CursoRenatoGava.sql
	EndProjectSection
EndProject
Global
	GlobalSection(SolutionConfigurationPlatforms) = preSolution
		Debug|Any CPU = Debug|Any CPU
		Release|Any CPU = Release|Any CPU
	EndGlobalSection
	GlobalSection(ProjectConfigurationPlatforms) = postSolution
		{63D6ED32-10DB-44EE-BA23-D3FC6145C85B}.Debug|Any CPU.ActiveCfg = Debug|Any CPU
		{63D6ED32-10DB-44EE-BA23-D3FC6145C85B}.Debug|Any CPU.Build.0 = Debug|Any CPU
		{63D6ED32-10DB-44EE-BA23-D3FC6145C85B}.Release|Any CPU.ActiveCfg = Release|Any CPU
		{63D6ED32-10DB-44EE-BA23-D3FC6145C85B}.Release|Any CPU.Build.0 = Release|Any CPU
	EndGlobalSection
	GlobalSection(SolutionProperties) = preSolution
		HideSolutionNode = FALSE
	EndGlobalSection
	GlobalSection(ExtensibilityGlobals) = postSolution
		SolutionGuid = {E2E3EAC5-DF44-4B30-8A68-5C05AA7E83B4}
	EndGlobalSection
EndGlobal
